{
  "name": "@natewilcox/phaser-nathan",
  "version": "0.0.6",
  "lockfileVersion": 3,
  "requires": true,
  "packages": {
    "": {
      "name": "@natewilcox/phaser-nathan",
      "version": "0.0.6",
      "license": "GPL-3.0",
      "dependencies": {
        "colyseus.js": "^0.15.14",
        "phaser": "^3.70.0"
      }
    },
    "node_modules/@colyseus/schema": {
      "version": "2.0.25",
      "resolved": "https://registry.npmjs.org/@colyseus/schema/-/schema-2.0.25.tgz",
      "integrity": "sha512-1k9phoCkbJthUrfGa6xL41FOLpnS6JslnAksXbQLQNZ2VxbpsfHyYcmU9nyJrV3FiDkeADh23/d/pbAXMja3LA==",
      "bin": {
        "schema-codegen": "bin/schema-codegen"
      }
    },
    "node_modules/colyseus.js": {
      "version": "0.15.14",
      "resolved": "https://registry.npmjs.org/colyseus.js/-/colyseus.js-0.15.14.tgz",
      "integrity": "sha512-hmsGWgaV/odvQ8kmwQQnv32bs/w3h3QGbJ5p11O+wNl4CqRnfzL8GFB8lyC5WSS7ge5wpa9RpIYAH2IE0DCokQ==",
      "dependencies": {
        "@colyseus/schema": "^2.0.4",
        "httpie": "^2.0.0-next.13",
        "tslib": "^2.1.0",
        "ws": "^8.13.0"
      },
      "engines": {
        "node": ">= 12.x"
      },
      "funding": {
        "url": "https://github.com/sponsors/endel"
      }
    },
    "node_modules/eventemitter3": {
      "version": "5.0.1",
      "resolved": "https://registry.npmjs.org/eventemitter3/-/eventemitter3-5.0.1.tgz",
      "integrity": "sha512-GWkBvjiSZK87ELrYOSESUYeVIc9mvLLf/nXalMOS5dYrgZq9o5OVkbZAVM06CVxYsCwH9BDZFPlQTlPA1j4ahA=="
    },
    "node_modules/httpie": {
      "version": "2.0.0-next.13",
      "resolved": "https://registry.npmjs.org/httpie/-/httpie-2.0.0-next.13.tgz",
      "integrity": "sha512-KbKOnq8wt0hVEfteYCSnEsPgzaWxcVc4qZ4OaDU9mVOYLRo3XChjWs3MiuRgFu5y+4JDo7sDKdKzkAn1ljQYFA==",
      "engines": {
        "node": ">=10"
      }
    },
    "node_modules/phaser": {
      "version": "3.70.0",
      "resolved": "https://registry.npmjs.org/phaser/-/phaser-3.70.0.tgz",
      "integrity": "sha512-2g+gh+Jp9f/Ho9FOXOYbIJMGf3UZXyMbW2iLScFaLQw11e/LqVyxj/YmaBauWbHabeTnZjiWkPklDnxhesMH0g==",
      "dependencies": {
        "eventemitter3": "^5.0.1"
      }
    },
    "node_modules/tslib": {
      "version": "2.6.2",
      "resolved": "https://registry.npmjs.org/tslib/-/tslib-2.6.2.tgz",
      "integrity": "sha512-AEYxH93jGFPn/a2iVAwW87VuUIkR1FVUKB77NwMF7nBTDkDrrT/Hpt/IrCJ0QXhW27jTBDcf5ZY7w6RiqTMw2Q=="
    },
    "node_modules/ws": {
      "version": "8.15.0",
      "resolved": "https://registry.npmjs.org/ws/-/ws-8.15.0.tgz",
      "integrity": "sha512-H/Z3H55mrcrgjFwI+5jKavgXvwQLtfPCUEp6pi35VhoB0pfcHnSoyuTzkBEZpzq49g1193CUEwIvmsjcotenYw==",
      "engines": {
        "node": ">=10.0.0"
      },
      "peerDependencies": {
        "bufferutil": "^4.0.1",
        "utf-8-validate": ">=5.0.2"
      },
      "peerDependenciesMeta": {
        "bufferutil": {
          "optional": true
        },
        "utf-8-validate": {
          "optional": true
        }
      }
    }
  }
}
